{
  "pins" : [
    {
      "identity" : "codescanner",
      "kind" : "remoteSourceControl",
      "location" : "https://github.com/twostraws/CodeScanner",
      "state" : {
        "branch" : "main",
        "revision" : "9aef09bf5c0274689a89c2fd71794011bebdc43f"
      }
    }
  ],
  "version" : 2
}
